// !$*UTF8*$!
{
	archiveVersion = 1;
	classes = {
	};
	objectVersion = 56;
	objects = {

/* Begin PBXBuildFile section */
		43D054342C187B9100818102 /* Crypto_SwiftUIApp.swift in Sources */ = {isa = PBXBuildFile; fileRef = 43D054332C187B9100818102 /* Crypto_SwiftUIApp.swift */; };
		43D054382C187B9200818102 /* Assets.xcassets in Resources */ = {isa = PBXBuildFile; fileRef = 43D054372C187B9200818102 /* Assets.xcassets */; };
		43D0543B2C187B9200818102 /* Preview Assets.xcassets in Resources */ = {isa = PBXBuildFile; fileRef = 43D0543A2C187B9200818102 /* Preview Assets.xcassets */; };
		43D054432C187D6100818102 /* Color.swift in Sources */ = {isa = PBXBuildFile; fileRef = 43D054422C187D6100818102 /* Color.swift */; };
		43D054492C18CE7300818102 /* HomeView.swift in Sources */ = {isa = PBXBuildFile; fileRef = 43D054482C18CE7300818102 /* HomeView.swift */; };
		43D0544D2C18D05200818102 /* CircleButton.swift in Sources */ = {isa = PBXBuildFile; fileRef = 43D0544C2C18D05200818102 /* CircleButton.swift */; };
		43D0544F2C18DF0700818102 /* CircleButtonAnimationView.swift in Sources */ = {isa = PBXBuildFile; fileRef = 43D0544E2C18DF0700818102 /* CircleButtonAnimationView.swift */; };
		43D054522C1978E400818102 /* CoinModel.swift in Sources */ = {isa = PBXBuildFile; fileRef = 43D054512C1978E400818102 /* CoinModel.swift */; };
		43D054542C197B2D00818102 /* PreviewProvider.swift in Sources */ = {isa = PBXBuildFile; fileRef = 43D054532C197B2D00818102 /* PreviewProvider.swift */; };
		43D054562C197CDB00818102 /* CoinRowView.swift in Sources */ = {isa = PBXBuildFile; fileRef = 43D054552C197CDB00818102 /* CoinRowView.swift */; };
		43D054582C19815400818102 /* Double.swift in Sources */ = {isa = PBXBuildFile; fileRef = 43D054572C19815400818102 /* Double.swift */; };
		43D0545A2C19920E00818102 /* HomeViewModel.swift in Sources */ = {isa = PBXBuildFile; fileRef = 43D054592C19920E00818102 /* HomeViewModel.swift */; };
		43D0545D2C19C24100818102 /* CoinDataService.swift in Sources */ = {isa = PBXBuildFile; fileRef = 43D0545C2C19C24100818102 /* CoinDataService.swift */; };
		43D054602C19E48800818102 /* NetworkManager.swift in Sources */ = {isa = PBXBuildFile; fileRef = 43D0545F2C19E48800818102 /* NetworkManager.swift */; };
		43D054632C1A2F5A00818102 /* CoinImageView.swift in Sources */ = {isa = PBXBuildFile; fileRef = 43D054622C1A2F5A00818102 /* CoinImageView.swift */; };
		43D054652C1A322300818102 /* CoinImageService.swift in Sources */ = {isa = PBXBuildFile; fileRef = 43D054642C1A322300818102 /* CoinImageService.swift */; };
		43D054672C1A422000818102 /* CoinImageViewModel.swift in Sources */ = {isa = PBXBuildFile; fileRef = 43D054662C1A422000818102 /* CoinImageViewModel.swift */; };
/* End PBXBuildFile section */

/* Begin PBXFileReference section */
		43D054302C187B9100818102 /* Crypto_SwiftUI.app */ = {isa = PBXFileReference; explicitFileType = wrapper.application; includeInIndex = 0; path = Crypto_SwiftUI.app; sourceTree = BUILT_PRODUCTS_DIR; };
		43D054332C187B9100818102 /* Crypto_SwiftUIApp.swift */ = {isa = PBXFileReference; lastKnownFileType = sourcecode.swift; path = Crypto_SwiftUIApp.swift; sourceTree = "<group>"; };
		43D054372C187B9200818102 /* Assets.xcassets */ = {isa = PBXFileReference; lastKnownFileType = folder.assetcatalog; path = Assets.xcassets; sourceTree = "<group>"; };
		43D0543A2C187B9200818102 /* Preview Assets.xcassets */ = {isa = PBXFileReference; lastKnownFileType = folder.assetcatalog; path = "Preview Assets.xcassets"; sourceTree = "<group>"; };
		43D054422C187D6100818102 /* Color.swift */ = {isa = PBXFileReference; lastKnownFileType = sourcecode.swift; name = Color.swift; path = Crypto_SwiftUI/Color.swift; sourceTree = SOURCE_ROOT; };
		43D054482C18CE7300818102 /* HomeView.swift */ = {isa = PBXFileReference; lastKnownFileType = sourcecode.swift; path = HomeView.swift; sourceTree = "<group>"; };
		43D0544C2C18D05200818102 /* CircleButton.swift */ = {isa = PBXFileReference; lastKnownFileType = sourcecode.swift; path = CircleButton.swift; sourceTree = "<group>"; };
		43D0544E2C18DF0700818102 /* CircleButtonAnimationView.swift */ = {isa = PBXFileReference; lastKnownFileType = sourcecode.swift; path = CircleButtonAnimationView.swift; sourceTree = "<group>"; };
		43D054512C1978E400818102 /* CoinModel.swift */ = {isa = PBXFileReference; fileEncoding = 4; lastKnownFileType = sourcecode.swift; path = CoinModel.swift; sourceTree = "<group>"; };
		43D054532C197B2D00818102 /* PreviewProvider.swift */ = {isa = PBXFileReference; fileEncoding = 4; lastKnownFileType = sourcecode.swift; path = PreviewProvider.swift; sourceTree = "<group>"; };
		43D054552C197CDB00818102 /* CoinRowView.swift */ = {isa = PBXFileReference; lastKnownFileType = sourcecode.swift; path = CoinRowView.swift; sourceTree = "<group>"; };
		43D054572C19815400818102 /* Double.swift */ = {isa = PBXFileReference; lastKnownFileType = sourcecode.swift; path = Double.swift; sourceTree = "<group>"; };
		43D054592C19920E00818102 /* HomeViewModel.swift */ = {isa = PBXFileReference; lastKnownFileType = sourcecode.swift; path = HomeViewModel.swift; sourceTree = "<group>"; };
		43D0545C2C19C24100818102 /* CoinDataService.swift */ = {isa = PBXFileReference; lastKnownFileType = sourcecode.swift; path = CoinDataService.swift; sourceTree = "<group>"; };
		43D0545F2C19E48800818102 /* NetworkManager.swift */ = {isa = PBXFileReference; lastKnownFileType = sourcecode.swift; path = NetworkManager.swift; sourceTree = "<group>"; };
		43D054622C1A2F5A00818102 /* CoinImageView.swift */ = {isa = PBXFileReference; lastKnownFileType = sourcecode.swift; path = CoinImageView.swift; sourceTree = "<group>"; };
		43D054642C1A322300818102 /* CoinImageService.swift */ = {isa = PBXFileReference; lastKnownFileType = sourcecode.swift; path = CoinImageService.swift; sourceTree = "<group>"; };
		43D054662C1A422000818102 /* CoinImageViewModel.swift */ = {isa = PBXFileReference; lastKnownFileType = sourcecode.swift; path = CoinImageViewModel.swift; sourceTree = "<group>"; };
/* End PBXFileReference section */

/* Begin PBXFrameworksBuildPhase section */
		43D0542D2C187B9100818102 /* Frameworks */ = {
			isa = PBXFrameworksBuildPhase;
			buildActionMask = 2147483647;
			files = (
			);
			runOnlyForDeploymentPostprocessing = 0;
		};
/* End PBXFrameworksBuildPhase section */

/* Begin PBXGroup section */
		43D054272C187B9100818102 = {
			isa = PBXGroup;
			children = (
				43D054322C187B9100818102 /* Crypto_SwiftUI */,
				43D054312C187B9100818102 /* Products */,
			);
			sourceTree = "<group>";
		};
		43D054312C187B9100818102 /* Products */ = {
			isa = PBXGroup;
			children = (
				43D054302C187B9100818102 /* Crypto_SwiftUI.app */,
			);
			name = Products;
			sourceTree = "<group>";
		};
		43D054322C187B9100818102 /* Crypto_SwiftUI */ = {
			isa = PBXGroup;
			children = (
				43D054332C187B9100818102 /* Crypto_SwiftUIApp.swift */,
				43D0545E2C19E47900818102 /* Utilities */,
				43D0545B2C19C22D00818102 /* Services */,
				43D054502C1978E400818102 /* Models */,
				43D054412C187CFB00818102 /* Extensions */,
				43D054442C18CD3300818102 /* Core */,
				43D054372C187B9200818102 /* Assets.xcassets */,
				43D054392C187B9200818102 /* Preview Content */,
			);
			path = Crypto_SwiftUI;
			sourceTree = "<group>";
		};
		43D054392C187B9200818102 /* Preview Content */ = {
			isa = PBXGroup;
			children = (
				43D0543A2C187B9200818102 /* Preview Assets.xcassets */,
			);
			path = "Preview Content";
			sourceTree = "<group>";
		};
		43D054412C187CFB00818102 /* Extensions */ = {
			isa = PBXGroup;
			children = (
				43D054532C197B2D00818102 /* PreviewProvider.swift */,
				43D054422C187D6100818102 /* Color.swift */,
				43D054572C19815400818102 /* Double.swift */,
			);
			path = Extensions;
			sourceTree = "<group>";
		};
		43D054442C18CD3300818102 /* Core */ = {
			isa = PBXGroup;
			children = (
				43D0544A2C18CFD300818102 /* Components */,
				43D054452C18CE3000818102 /* Home */,
			);
			path = Core;
			sourceTree = "<group>";
		};
		43D054452C18CE3000818102 /* Home */ = {
			isa = PBXGroup;
			children = (
				43D054472C18CE4400818102 /* ViewModel */,
				43D054462C18CE3B00818102 /* Views */,
			);
			path = Home;
			sourceTree = "<group>";
		};
		43D054462C18CE3B00818102 /* Views */ = {
			isa = PBXGroup;
			children = (
				43D054482C18CE7300818102 /* HomeView.swift */,
				43D054552C197CDB00818102 /* CoinRowView.swift */,
			);
			path = Views;
			sourceTree = "<group>";
		};
		43D054472C18CE4400818102 /* ViewModel */ = {
			isa = PBXGroup;
			children = (
				43D054592C19920E00818102 /* HomeViewModel.swift */,
			);
			path = ViewModel;
			sourceTree = "<group>";
		};
		43D0544A2C18CFD300818102 /* Components */ = {
			isa = PBXGroup;
			children = (
				43D054612C1A2F3C00818102 /* CoinImageView */,
				43D0544B2C18D02F00818102 /* CircleButton */,
			);
			path = Components;
			sourceTree = "<group>";
		};
		43D0544B2C18D02F00818102 /* CircleButton */ = {
			isa = PBXGroup;
			children = (
				43D0544C2C18D05200818102 /* CircleButton.swift */,
				43D0544E2C18DF0700818102 /* CircleButtonAnimationView.swift */,
			);
			path = CircleButton;
			sourceTree = "<group>";
		};
		43D054502C1978E400818102 /* Models */ = {
			isa = PBXGroup;
			children = (
				43D054512C1978E400818102 /* CoinModel.swift */,
			);
			path = Models;
			sourceTree = "<group>";
		};
		43D0545B2C19C22D00818102 /* Services */ = {
			isa = PBXGroup;
			children = (
				43D0545C2C19C24100818102 /* CoinDataService.swift */,
				43D054642C1A322300818102 /* CoinImageService.swift */,
			);
			path = Services;
			sourceTree = "<group>";
		};
		43D0545E2C19E47900818102 /* Utilities */ = {
			isa = PBXGroup;
			children = (
				43D0545F2C19E48800818102 /* NetworkManager.swift */,
			);
			path = Utilities;
			sourceTree = "<group>";
		};
		43D054612C1A2F3C00818102 /* CoinImageView */ = {
			isa = PBXGroup;
			children = (
				43D054622C1A2F5A00818102 /* CoinImageView.swift */,
				43D054662C1A422000818102 /* CoinImageViewModel.swift */,
			);
			path = CoinImageView;
			sourceTree = "<group>";
		};
/* End PBXGroup section */

/* Begin PBXNativeTarget section */
		43D0542F2C187B9100818102 /* Crypto_SwiftUI */ = {
			isa = PBXNativeTarget;
			buildConfigurationList = 43D0543E2C187B9200818102 /* Build configuration list for PBXNativeTarget "Crypto_SwiftUI" */;
			buildPhases = (
				43D0542C2C187B9100818102 /* Sources */,
				43D0542D2C187B9100818102 /* Frameworks */,
				43D0542E2C187B9100818102 /* Resources */,
			);
			buildRules = (
			);
			dependencies = (
			);
			name = Crypto_SwiftUI;
			productName = Crypto_SwiftUI;
			productReference = 43D054302C187B9100818102 /* Crypto_SwiftUI.app */;
			productType = "com.apple.product-type.application";
		};
/* End PBXNativeTarget section */

/* Begin PBXProject section */
		43D054282C187B9100818102 /* Project object */ = {
			isa = PBXProject;
			attributes = {
				BuildIndependentTargetsInParallel = 1;
				LastSwiftUpdateCheck = 1520;
				LastUpgradeCheck = 1520;
				TargetAttributes = {
					43D0542F2C187B9100818102 = {
						CreatedOnToolsVersion = 15.2;
					};
				};
			};
			buildConfigurationList = 43D0542B2C187B9100818102 /* Build configuration list for PBXProject "Crypto_SwiftUI" */;
			compatibilityVersion = "Xcode 14.0";
			developmentRegion = en;
			hasScannedForEncodings = 0;
			knownRegions = (
				en,
				Base,
			);
			mainGroup = 43D054272C187B9100818102;
			productRefGroup = 43D054312C187B9100818102 /* Products */;
			projectDirPath = "";
			projectRoot = "";
			targets = (
				43D0542F2C187B9100818102 /* Crypto_SwiftUI */,
			);
		};
/* End PBXProject section */

/* Begin PBXResourcesBuildPhase section */
		43D0542E2C187B9100818102 /* Resources */ = {
			isa = PBXResourcesBuildPhase;
			buildActionMask = 2147483647;
			files = (
				43D0543B2C187B9200818102 /* Preview Assets.xcassets in Resources */,
				43D054382C187B9200818102 /* Assets.xcassets in Resources */,
			);
			runOnlyForDeploymentPostprocessing = 0;
		};
/* End PBXResourcesBuildPhase section */

/* Begin PBXSourcesBuildPhase section */
		43D0542C2C187B9100818102 /* Sources */ = {
			isa = PBXSourcesBuildPhase;
			buildActionMask = 2147483647;
			files = (
				43D054672C1A422000818102 /* CoinImageViewModel.swift in Sources */,
				43D054632C1A2F5A00818102 /* CoinImageView.swift in Sources */,
				43D054602C19E48800818102 /* NetworkManager.swift in Sources */,
				43D054562C197CDB00818102 /* CoinRowView.swift in Sources */,
				43D054492C18CE7300818102 /* HomeView.swift in Sources */,
				43D054342C187B9100818102 /* Crypto_SwiftUIApp.swift in Sources */,
				43D0545A2C19920E00818102 /* HomeViewModel.swift in Sources */,
				43D0544F2C18DF0700818102 /* CircleButtonAnimationView.swift in Sources */,
				43D054432C187D6100818102 /* Color.swift in Sources */,
				43D054522C1978E400818102 /* CoinModel.swift in Sources */,
				43D054542C197B2D00818102 /* PreviewProvider.swift in Sources */,
				43D054582C19815400818102 /* Double.swift in Sources */,
				43D0544D2C18D05200818102 /* CircleButton.swift in Sources */,
				43D054652C1A322300818102 /* CoinImageService.swift in Sources */,
				43D0545D2C19C24100818102 /* CoinDataService.swift in Sources */,
			);
			runOnlyForDeploymentPostprocessing = 0;
		};
/* End PBXSourcesBuildPhase section */

/* Begin XCBuildConfiguration section */
		43D0543C2C187B9200818102 /* Debug */ = {
			isa = XCBuildConfiguration;
			buildSettings = {
				ALWAYS_SEARCH_USER_PATHS = NO;
				ASSETCATALOG_COMPILER_GENERATE_SWIFT_ASSET_SYMBOL_EXTENSIONS = YES;
				CLANG_ANALYZER_NONNULL = YES;
				CLANG_ANALYZER_NUMBER_OBJECT_CONVERSION = YES_AGGRESSIVE;
				CLANG_CXX_LANGUAGE_STANDARD = "gnu++20";
				CLANG_ENABLE_MODULES = YES;
				CLANG_ENABLE_OBJC_ARC = YES;
				CLANG_ENABLE_OBJC_WEAK = YES;
				CLANG_WARN_BLOCK_CAPTURE_AUTORELEASING = YES;
				CLANG_WARN_BOOL_CONVERSION = YES;
				CLANG_WARN_COMMA = YES;
				CLANG_WARN_CONSTANT_CONVERSION = YES;
				CLANG_WARN_DEPRECATED_OBJC_IMPLEMENTATIONS = YES;
				CLANG_WARN_DIRECT_OBJC_ISA_USAGE = YES_ERROR;
				CLANG_WARN_DOCUMENTATION_COMMENTS = YES;
				CLANG_WARN_EMPTY_BODY = YES;
				CLANG_WARN_ENUM_CONVERSION = YES;
				CLANG_WARN_INFINITE_RECURSION = YES;
				CLANG_WARN_INT_CONVERSION = YES;
				CLANG_WARN_NON_LITERAL_NULL_CONVERSION = YES;
				CLANG_WARN_OBJC_IMPLICIT_RETAIN_SELF = YES;
				CLANG_WARN_OBJC_LITERAL_CONVERSION = YES;
				CLANG_WARN_OBJC_ROOT_CLASS = YES_ERROR;
				CLANG_WARN_QUOTED_INCLUDE_IN_FRAMEWORK_HEADER = YES;
				CLANG_WARN_RANGE_LOOP_ANALYSIS = YES;
				CLANG_WARN_STRICT_PROTOTYPES = YES;
				CLANG_WARN_SUSPICIOUS_MOVE = YES;
				CLANG_WARN_UNGUARDED_AVAILABILITY = YES_AGGRESSIVE;
				CLANG_WARN_UNREACHABLE_CODE = YES;
				CLANG_WARN__DUPLICATE_METHOD_MATCH = YES;
				COPY_PHASE_STRIP = NO;
				DEBUG_INFORMATION_FORMAT = dwarf;
				ENABLE_STRICT_OBJC_MSGSEND = YES;
				ENABLE_TESTABILITY = YES;
				ENABLE_USER_SCRIPT_SANDBOXING = YES;
				GCC_C_LANGUAGE_STANDARD = gnu17;
				GCC_DYNAMIC_NO_PIC = NO;
				GCC_NO_COMMON_BLOCKS = YES;
				GCC_OPTIMIZATION_LEVEL = 0;
				GCC_PREPROCESSOR_DEFINITIONS = (
					"DEBUG=1",
					"$(inherited)",
				);
				GCC_WARN_64_TO_32_BIT_CONVERSION = YES;
				GCC_WARN_ABOUT_RETURN_TYPE = YES_ERROR;
				GCC_WARN_UNDECLARED_SELECTOR = YES;
				GCC_WARN_UNINITIALIZED_AUTOS = YES_AGGRESSIVE;
				GCC_WARN_UNUSED_FUNCTION = YES;
				GCC_WARN_UNUSED_VARIABLE = YES;
				IPHONEOS_DEPLOYMENT_TARGET = 17.2;
				LOCALIZATION_PREFERS_STRING_CATALOGS = YES;
				MTL_ENABLE_DEBUG_INFO = INCLUDE_SOURCE;
				MTL_FAST_MATH = YES;
				ONLY_ACTIVE_ARCH = YES;
				SDKROOT = iphoneos;
				SWIFT_ACTIVE_COMPILATION_CONDITIONS = "DEBUG $(inherited)";
				SWIFT_OPTIMIZATION_LEVEL = "-Onone";
			};
			name = Debug;
		};
		43D0543D2C187B9200818102 /* Release */ = {
			isa = XCBuildConfiguration;
			buildSettings = {
				ALWAYS_SEARCH_USER_PATHS = NO;
				ASSETCATALOG_COMPILER_GENERATE_SWIFT_ASSET_SYMBOL_EXTENSIONS = YES;
				CLANG_ANALYZER_NONNULL = YES;
				CLANG_ANALYZER_NUMBER_OBJECT_CONVERSION = YES_AGGRESSIVE;
				CLANG_CXX_LANGUAGE_STANDARD = "gnu++20";
				CLANG_ENABLE_MODULES = YES;
				CLANG_ENABLE_OBJC_ARC = YES;
				CLANG_ENABLE_OBJC_WEAK = YES;
				CLANG_WARN_BLOCK_CAPTURE_AUTORELEASING = YES;
				CLANG_WARN_BOOL_CONVERSION = YES;
				CLANG_WARN_COMMA = YES;
				CLANG_WARN_CONSTANT_CONVERSION = YES;
				CLANG_WARN_DEPRECATED_OBJC_IMPLEMENTATIONS = YES;
				CLANG_WARN_DIRECT_OBJC_ISA_USAGE = YES_ERROR;
				CLANG_WARN_DOCUMENTATION_COMMENTS = YES;
				CLANG_WARN_EMPTY_BODY = YES;
				CLANG_WARN_ENUM_CONVERSION = YES;
				CLANG_WARN_INFINITE_RECURSION = YES;
				CLANG_WARN_INT_CONVERSION = YES;
				CLANG_WARN_NON_LITERAL_NULL_CONVERSION = YES;
				CLANG_WARN_OBJC_IMPLICIT_RETAIN_SELF = YES;
				CLANG_WARN_OBJC_LITERAL_CONVERSION = YES;
				CLANG_WARN_OBJC_ROOT_CLASS = YES_ERROR;
				CLANG_WARN_QUOTED_INCLUDE_IN_FRAMEWORK_HEADER = YES;
				CLANG_WARN_RANGE_LOOP_ANALYSIS = YES;
				CLANG_WARN_STRICT_PROTOTYPES = YES;
				CLANG_WARN_SUSPICIOUS_MOVE = YES;
				CLANG_WARN_UNGUARDED_AVAILABILITY = YES_AGGRESSIVE;
				CLANG_WARN_UNREACHABLE_CODE = YES;
				CLANG_WARN__DUPLICATE_METHOD_MATCH = YES;
				COPY_PHASE_STRIP = NO;
				DEBUG_INFORMATION_FORMAT = "dwarf-with-dsym";
				ENABLE_NS_ASSERTIONS = NO;
				ENABLE_STRICT_OBJC_MSGSEND = YES;
				ENABLE_USER_SCRIPT_SANDBOXING = YES;
				GCC_C_LANGUAGE_STANDARD = gnu17;
				GCC_NO_COMMON_BLOCKS = YES;
				GCC_WARN_64_TO_32_BIT_CONVERSION = YES;
				GCC_WARN_ABOUT_RETURN_TYPE = YES_ERROR;
				GCC_WARN_UNDECLARED_SELECTOR = YES;
				GCC_WARN_UNINITIALIZED_AUTOS = YES_AGGRESSIVE;
				GCC_WARN_UNUSED_FUNCTION = YES;
				GCC_WARN_UNUSED_VARIABLE = YES;
				IPHONEOS_DEPLOYMENT_TARGET = 17.2;
				LOCALIZATION_PREFERS_STRING_CATALOGS = YES;
				MTL_ENABLE_DEBUG_INFO = NO;
				MTL_FAST_MATH = YES;
				SDKROOT = iphoneos;
				SWIFT_COMPILATION_MODE = wholemodule;
				VALIDATE_PRODUCT = YES;
			};
			name = Release;
		};
		43D0543F2C187B9200818102 /* Debug */ = {
			isa = XCBuildConfiguration;
			buildSettings = {
				ASSETCATALOG_COMPILER_APPICON_NAME = AppIcon;
				ASSETCATALOG_COMPILER_GLOBAL_ACCENT_COLOR_NAME = AccentColor;
				CODE_SIGN_STYLE = Automatic;
				CURRENT_PROJECT_VERSION = 1;
				DEVELOPMENT_ASSET_PATHS = "\"Crypto_SwiftUI/Preview Content\"";
				ENABLE_PREVIEWS = YES;
				GENERATE_INFOPLIST_FILE = YES;
				INFOPLIST_KEY_CFBundleDisplayName = "Crypto Tracker Danis";
				INFOPLIST_KEY_UIApplicationSceneManifest_Generation = YES;
				INFOPLIST_KEY_UIApplicationSupportsIndirectInputEvents = YES;
				INFOPLIST_KEY_UILaunchScreen_Generation = YES;
				INFOPLIST_KEY_UISupportedInterfaceOrientations = UIInterfaceOrientationPortrait;
				INFOPLIST_KEY_UISupportedInterfaceOrientations_iPad = "UIInterfaceOrientationPortrait UIInterfaceOrientationPortraitUpsideDown";
				LD_RUNPATH_SEARCH_PATHS = (
					"$(inherited)",
					"@executable_path/Frameworks",
				);
				MARKETING_VERSION = 1.0;
				PRODUCT_BUNDLE_IDENTIFIER = "com.danis.Crypto-SwiftUI";
				PRODUCT_NAME = "$(TARGET_NAME)";
				SWIFT_EMIT_LOC_STRINGS = YES;
				SWIFT_VERSION = 5.0;
				TARGETED_DEVICE_FAMILY = "1,2";
			};
			name = Debug;
		};
		43D054402C187B9200818102 /* Release */ = {
			isa = XCBuildConfiguration;
			buildSettings = {
				ASSETCATALOG_COMPILER_APPICON_NAME = AppIcon;
				ASSETCATALOG_COMPILER_GLOBAL_ACCENT_COLOR_NAME = AccentColor;
				CODE_SIGN_STYLE = Automatic;
				CURRENT_PROJECT_VERSION = 1;
				DEVELOPMENT_ASSET_PATHS = "\"Crypto_SwiftUI/Preview Content\"";
				ENABLE_PREVIEWS = YES;
				GENERATE_INFOPLIST_FILE = YES;
				INFOPLIST_KEY_CFBundleDisplayName = "Crypto Tracker Danis";
				INFOPLIST_KEY_UIApplicationSceneManifest_Generation = YES;
				INFOPLIST_KEY_UIApplicationSupportsIndirectInputEvents = YES;
				INFOPLIST_KEY_UILaunchScreen_Generation = YES;
				INFOPLIST_KEY_UISupportedInterfaceOrientations = UIInterfaceOrientationPortrait;
				INFOPLIST_KEY_UISupportedInterfaceOrientations_iPad = "UIInterfaceOrientationPortrait UIInterfaceOrientationPortraitUpsideDown";
				LD_RUNPATH_SEARCH_PATHS = (
					"$(inherited)",
					"@executable_path/Frameworks",
				);
				MARKETING_VERSION = 1.0;
				PRODUCT_BUNDLE_IDENTIFIER = "com.danis.Crypto-SwiftUI";
				PRODUCT_NAME = "$(TARGET_NAME)";
				SWIFT_EMIT_LOC_STRINGS = YES;
				SWIFT_VERSION = 5.0;
				TARGETED_DEVICE_FAMILY = "1,2";
			};
			name = Release;
		};
/* End XCBuildConfiguration section */

/* Begin XCConfigurationList section */
		43D0542B2C187B9100818102 /* Build configuration list for PBXProject "Crypto_SwiftUI" */ = {
			isa = XCConfigurationList;
			buildConfigurations = (
				43D0543C2C187B9200818102 /* Debug */,
				43D0543D2C187B9200818102 /* Release */,
			);
			defaultConfigurationIsVisible = 0;
			defaultConfigurationName = Release;
		};
		43D0543E2C187B9200818102 /* Build configuration list for PBXNativeTarget "Crypto_SwiftUI" */ = {
			isa = XCConfigurationList;
			buildConfigurations = (
				43D0543F2C187B9200818102 /* Debug */,
				43D054402C187B9200818102 /* Release */,
			);
			defaultConfigurationIsVisible = 0;
			defaultConfigurationName = Release;
		};
/* End XCConfigurationList section */
	};
	rootObject = 43D054282C187B9100818102 /* Project object */;
}
